// !$*UTF8*$!
{
	archiveVersion = 1;
	classes = {
	};
	objectVersion = 46;
	objects = {

/* Begin PBXBuildFile section */
		4B4856521A7479BE00043AE3 /* SwiftObject.swift in Sources */ = {isa = PBXBuildFile; fileRef = 4B4856511A7479BE00043AE3 /* SwiftObject.swift */; };
		4B4856531A7479BE00043AE3 /* SwiftObject.swift in Sources */ = {isa = PBXBuildFile; fileRef = 4B4856511A7479BE00043AE3 /* SwiftObject.swift */; };
		4B4856561A7479E800043AE3 /* ObjcObject.m in Sources */ = {isa = PBXBuildFile; fileRef = 4B4856551A7479E800043AE3 /* ObjcObject.m */; };
		4B4856571A7479E800043AE3 /* ObjcObject.m in Sources */ = {isa = PBXBuildFile; fileRef = 4B4856551A7479E800043AE3 /* ObjcObject.m */; };
		4B7881541A6F11DD00DA59F2 /* main.m in Sources */ = {isa = PBXBuildFile; fileRef = 4B7881531A6F11DD00DA59F2 /* main.m */; };
		4B7881571A6F11DD00DA59F2 /* AppDelegate.m in Sources */ = {isa = PBXBuildFile; fileRef = 4B7881561A6F11DD00DA59F2 /* AppDelegate.m */; };
		4B78815A1A6F11DD00DA59F2 /* ViewController.m in Sources */ = {isa = PBXBuildFile; fileRef = 4B7881591A6F11DD00DA59F2 /* ViewController.m */; };
		4B78815D1A6F11DD00DA59F2 /* Main.storyboard in Resources */ = {isa = PBXBuildFile; fileRef = 4B78815B1A6F11DD00DA59F2 /* Main.storyboard */; };
		4B78815F1A6F11DD00DA59F2 /* Images.xcassets in Resources */ = {isa = PBXBuildFile; fileRef = 4B78815E1A6F11DD00DA59F2 /* Images.xcassets */; };
		4B7881621A6F11DD00DA59F2 /* LaunchScreen.xib in Resources */ = {isa = PBXBuildFile; fileRef = 4B7881601A6F11DD00DA59F2 /* LaunchScreen.xib */; };
		4B78816E1A6F11DD00DA59F2 /* VSCOObjectiveCBenchmarksTests.m in Sources */ = {isa = PBXBuildFile; fileRef = 4B78816D1A6F11DD00DA59F2 /* VSCOObjectiveCBenchmarksTests.m */; };
		4B7881791A6F11FA00DA59F2 /* ObjectiveCUtils.m in Sources */ = {isa = PBXBuildFile; fileRef = 4B7881781A6F11FA00DA59F2 /* ObjectiveCUtils.m */; };
		4B78817A1A6F11FA00DA59F2 /* ObjectiveCUtils.m in Sources */ = {isa = PBXBuildFile; fileRef = 4B7881781A6F11FA00DA59F2 /* ObjectiveCUtils.m */; };
		4B78817E1A6F122A00DA59F2 /* SwiftUtils.swift in Sources */ = {isa = PBXBuildFile; fileRef = 4B78817D1A6F122A00DA59F2 /* SwiftUtils.swift */; };
		4B78817F1A6F122A00DA59F2 /* SwiftUtils.swift in Sources */ = {isa = PBXBuildFile; fileRef = 4B78817D1A6F122A00DA59F2 /* SwiftUtils.swift */; };
		4B7881811A6F132100DA59F2 /* VSCOSwiftBenchmarksTests.swift in Sources */ = {isa = PBXBuildFile; fileRef = 4B7881801A6F132100DA59F2 /* VSCOSwiftBenchmarksTests.swift */; };
/* End PBXBuildFile section */

/* Begin PBXContainerItemProxy section */
		4B7881681A6F11DD00DA59F2 /* PBXContainerItemProxy */ = {
			isa = PBXContainerItemProxy;
			containerPortal = 4B7881461A6F11DD00DA59F2 /* Project object */;
			proxyType = 1;
			remoteGlobalIDString = 4B78814D1A6F11DD00DA59F2;
			remoteInfo = VSCOSwiftBenchmarks;
		};
/* End PBXContainerItemProxy section */

/* Begin PBXFileReference section */
		4B4856511A7479BE00043AE3 /* SwiftObject.swift */ = {isa = PBXFileReference; fileEncoding = 4; lastKnownFileType = sourcecode.swift; path = SwiftObject.swift; sourceTree = "<group>"; };
		4B4856541A7479E800043AE3 /* ObjcObject.h */ = {isa = PBXFileReference; fileEncoding = 4; lastKnownFileType = sourcecode.c.h; path = ObjcObject.h; sourceTree = "<group>"; };
		4B4856551A7479E800043AE3 /* ObjcObject.m */ = {isa = PBXFileReference; fileEncoding = 4; lastKnownFileType = sourcecode.c.objc; path = ObjcObject.m; sourceTree = "<group>"; };
		4B78814E1A6F11DD00DA59F2 /* VSCOSwiftBenchmarks.app */ = {isa = PBXFileReference; explicitFileType = wrapper.application; includeInIndex = 0; path = VSCOSwiftBenchmarks.app; sourceTree = BUILT_PRODUCTS_DIR; };
		4B7881521A6F11DD00DA59F2 /* Info.plist */ = {isa = PBXFileReference; lastKnownFileType = text.plist.xml; path = Info.plist; sourceTree = "<group>"; };
		4B7881531A6F11DD00DA59F2 /* main.m */ = {isa = PBXFileReference; lastKnownFileType = sourcecode.c.objc; path = main.m; sourceTree = "<group>"; };
		4B7881551A6F11DD00DA59F2 /* AppDelegate.h */ = {isa = PBXFileReference; lastKnownFileType = sourcecode.c.h; path = AppDelegate.h; sourceTree = "<group>"; };
		4B7881561A6F11DD00DA59F2 /* AppDelegate.m */ = {isa = PBXFileReference; lastKnownFileType = sourcecode.c.objc; path = AppDelegate.m; sourceTree = "<group>"; };
		4B7881581A6F11DD00DA59F2 /* ViewController.h */ = {isa = PBXFileReference; lastKnownFileType = sourcecode.c.h; path = ViewController.h; sourceTree = "<group>"; };
		4B7881591A6F11DD00DA59F2 /* ViewController.m */ = {isa = PBXFileReference; lastKnownFileType = sourcecode.c.objc; path = ViewController.m; sourceTree = "<group>"; };
		4B78815C1A6F11DD00DA59F2 /* Base */ = {isa = PBXFileReference; lastKnownFileType = file.storyboard; name = Base; path = Base.lproj/Main.storyboard; sourceTree = "<group>"; };
		4B78815E1A6F11DD00DA59F2 /* Images.xcassets */ = {isa = PBXFileReference; lastKnownFileType = folder.assetcatalog; path = Images.xcassets; sourceTree = "<group>"; };
		4B7881611A6F11DD00DA59F2 /* Base */ = {isa = PBXFileReference; lastKnownFileType = file.xib; name = Base; path = Base.lproj/LaunchScreen.xib; sourceTree = "<group>"; };
		4B7881671A6F11DD00DA59F2 /* VSCOSwiftBenchmarksTests.xctest */ = {isa = PBXFileReference; explicitFileType = wrapper.cfbundle; includeInIndex = 0; path = VSCOSwiftBenchmarksTests.xctest; sourceTree = BUILT_PRODUCTS_DIR; };
		4B78816C1A6F11DD00DA59F2 /* Info.plist */ = {isa = PBXFileReference; lastKnownFileType = text.plist.xml; path = Info.plist; sourceTree = "<group>"; };
		4B78816D1A6F11DD00DA59F2 /* VSCOObjectiveCBenchmarksTests.m */ = {isa = PBXFileReference; lastKnownFileType = sourcecode.c.objc; path = VSCOObjectiveCBenchmarksTests.m; sourceTree = "<group>"; };
		4B7881771A6F11FA00DA59F2 /* ObjectiveCUtils.h */ = {isa = PBXFileReference; fileEncoding = 4; lastKnownFileType = sourcecode.c.h; path = ObjectiveCUtils.h; sourceTree = "<group>"; };
		4B7881781A6F11FA00DA59F2 /* ObjectiveCUtils.m */ = {isa = PBXFileReference; fileEncoding = 4; lastKnownFileType = sourcecode.c.objc; path = ObjectiveCUtils.m; sourceTree = "<group>"; };
		4B78817B1A6F122900DA59F2 /* VSCOSwiftBenchmarks-Bridging-Header.h */ = {isa = PBXFileReference; lastKnownFileType = sourcecode.c.h; path = "VSCOSwiftBenchmarks-Bridging-Header.h"; sourceTree = "<group>"; };
		4B78817D1A6F122A00DA59F2 /* SwiftUtils.swift */ = {isa = PBXFileReference; fileEncoding = 4; lastKnownFileType = sourcecode.swift; path = SwiftUtils.swift; sourceTree = "<group>"; };
		4B7881801A6F132100DA59F2 /* VSCOSwiftBenchmarksTests.swift */ = {isa = PBXFileReference; fileEncoding = 4; lastKnownFileType = sourcecode.swift; path = VSCOSwiftBenchmarksTests.swift; sourceTree = "<group>"; };
/* End PBXFileReference section */

/* Begin PBXFrameworksBuildPhase section */
		4B78814B1A6F11DD00DA59F2 /* Frameworks */ = {
			isa = PBXFrameworksBuildPhase;
			buildActionMask = 2147483647;
			files = (
			);
			runOnlyForDeploymentPostprocessing = 0;
		};
		4B7881641A6F11DD00DA59F2 /* Frameworks */ = {
			isa = PBXFrameworksBuildPhase;
			buildActionMask = 2147483647;
			files = (
			);
			runOnlyForDeploymentPostprocessing = 0;
		};
/* End PBXFrameworksBuildPhase section */

/* Begin PBXGroup section */
		4B48564F1A7479A300043AE3 /* Utils */ = {
			isa = PBXGroup;
			children = (
				4B7881771A6F11FA00DA59F2 /* ObjectiveCUtils.h */,
				4B7881781A6F11FA00DA59F2 /* ObjectiveCUtils.m */,
				4B78817D1A6F122A00DA59F2 /* SwiftUtils.swift */,
			);
			name = Utils;
			sourceTree = "<group>";
		};
		4B4856501A7479AA00043AE3 /* Objects */ = {
			isa = PBXGroup;
			children = (
				4B4856511A7479BE00043AE3 /* SwiftObject.swift */,
				4B4856541A7479E800043AE3 /* ObjcObject.h */,
				4B4856551A7479E800043AE3 /* ObjcObject.m */,
			);
			name = Objects;
			sourceTree = "<group>";
		};
		4B7881451A6F11DD00DA59F2 = {
			isa = PBXGroup;
			children = (
				4B7881501A6F11DD00DA59F2 /* VSCOSwiftBenchmarks */,
				4B78816A1A6F11DD00DA59F2 /* VSCOSwiftBenchmarksTests */,
				4B78814F1A6F11DD00DA59F2 /* Products */,
			);
			sourceTree = "<group>";
		};
		4B78814F1A6F11DD00DA59F2 /* Products */ = {
			isa = PBXGroup;
			children = (
				4B78814E1A6F11DD00DA59F2 /* VSCOSwiftBenchmarks.app */,
				4B7881671A6F11DD00DA59F2 /* VSCOSwiftBenchmarksTests.xctest */,
			);
			name = Products;
			sourceTree = "<group>";
		};
		4B7881501A6F11DD00DA59F2 /* VSCOSwiftBenchmarks */ = {
			isa = PBXGroup;
			children = (
				4B7881551A6F11DD00DA59F2 /* AppDelegate.h */,
				4B7881561A6F11DD00DA59F2 /* AppDelegate.m */,
				4B7881581A6F11DD00DA59F2 /* ViewController.h */,
				4B7881591A6F11DD00DA59F2 /* ViewController.m */,
				4B4856501A7479AA00043AE3 /* Objects */,
				4B48564F1A7479A300043AE3 /* Utils */,
				4B78815B1A6F11DD00DA59F2 /* Main.storyboard */,
				4B78815E1A6F11DD00DA59F2 /* Images.xcassets */,
				4B7881601A6F11DD00DA59F2 /* LaunchScreen.xib */,
				4B7881511A6F11DD00DA59F2 /* Supporting Files */,
				4B78817B1A6F122900DA59F2 /* VSCOSwiftBenchmarks-Bridging-Header.h */,
			);
			path = VSCOSwiftBenchmarks;
			sourceTree = "<group>";
		};
		4B7881511A6F11DD00DA59F2 /* Supporting Files */ = {
			isa = PBXGroup;
			children = (
				4B7881521A6F11DD00DA59F2 /* Info.plist */,
				4B7881531A6F11DD00DA59F2 /* main.m */,
			);
			name = "Supporting Files";
			sourceTree = "<group>";
		};
		4B78816A1A6F11DD00DA59F2 /* VSCOSwiftBenchmarksTests */ = {
			isa = PBXGroup;
			children = (
				4B78816D1A6F11DD00DA59F2 /* VSCOObjectiveCBenchmarksTests.m */,
				4B7881801A6F132100DA59F2 /* VSCOSwiftBenchmarksTests.swift */,
				4B78816B1A6F11DD00DA59F2 /* Supporting Files */,
			);
			path = VSCOSwiftBenchmarksTests;
			sourceTree = "<group>";
		};
		4B78816B1A6F11DD00DA59F2 /* Supporting Files */ = {
			isa = PBXGroup;
			children = (
				4B78816C1A6F11DD00DA59F2 /* Info.plist */,
			);
			name = "Supporting Files";
			sourceTree = "<group>";
		};
/* End PBXGroup section */

/* Begin PBXNativeTarget section */
		4B78814D1A6F11DD00DA59F2 /* VSCOSwiftBenchmarks */ = {
			isa = PBXNativeTarget;
			buildConfigurationList = 4B7881711A6F11DD00DA59F2 /* Build configuration list for PBXNativeTarget "VSCOSwiftBenchmarks" */;
			buildPhases = (
				4B78814A1A6F11DD00DA59F2 /* Sources */,
				4B78814B1A6F11DD00DA59F2 /* Frameworks */,
				4B78814C1A6F11DD00DA59F2 /* Resources */,
			);
			buildRules = (
			);
			dependencies = (
			);
			name = VSCOSwiftBenchmarks;
			productName = VSCOSwiftBenchmarks;
			productReference = 4B78814E1A6F11DD00DA59F2 /* VSCOSwiftBenchmarks.app */;
			productType = "com.apple.product-type.application";
		};
		4B7881661A6F11DD00DA59F2 /* VSCOSwiftBenchmarksTests */ = {
			isa = PBXNativeTarget;
			buildConfigurationList = 4B7881741A6F11DD00DA59F2 /* Build configuration list for PBXNativeTarget "VSCOSwiftBenchmarksTests" */;
			buildPhases = (
				4B7881631A6F11DD00DA59F2 /* Sources */,
				4B7881641A6F11DD00DA59F2 /* Frameworks */,
				4B7881651A6F11DD00DA59F2 /* Resources */,
			);
			buildRules = (
			);
			dependencies = (
				4B7881691A6F11DD00DA59F2 /* PBXTargetDependency */,
			);
			name = VSCOSwiftBenchmarksTests;
			productName = VSCOSwiftBenchmarksTests;
			productReference = 4B7881671A6F11DD00DA59F2 /* VSCOSwiftBenchmarksTests.xctest */;
			productType = "com.apple.product-type.bundle.unit-test";
		};
/* End PBXNativeTarget section */

/* Begin PBXProject section */
		4B7881461A6F11DD00DA59F2 /* Project object */ = {
			isa = PBXProject;
			attributes = {
				LastSwiftUpdateCheck = 0700;
				LastUpgradeCheck = 0610;
				ORGANIZATIONNAME = VSCO;
				TargetAttributes = {
					4B78814D1A6F11DD00DA59F2 = {
						CreatedOnToolsVersion = 6.1.1;
					};
					4B7881661A6F11DD00DA59F2 = {
						CreatedOnToolsVersion = 6.1.1;
						TestTargetID = 4B78814D1A6F11DD00DA59F2;
					};
				};
			};
			buildConfigurationList = 4B7881491A6F11DD00DA59F2 /* Build configuration list for PBXProject "VSCOSwiftBenchmarks" */;
			compatibilityVersion = "Xcode 3.2";
			developmentRegion = English;
			hasScannedForEncodings = 0;
			knownRegions = (
				en,
				Base,
			);
			mainGroup = 4B7881451A6F11DD00DA59F2;
			productRefGroup = 4B78814F1A6F11DD00DA59F2 /* Products */;
			projectDirPath = "";
			projectRoot = "";
			targets = (
				4B78814D1A6F11DD00DA59F2 /* VSCOSwiftBenchmarks */,
				4B7881661A6F11DD00DA59F2 /* VSCOSwiftBenchmarksTests */,
			);
		};
/* End PBXProject section */

/* Begin PBXResourcesBuildPhase section */
		4B78814C1A6F11DD00DA59F2 /* Resources */ = {
			isa = PBXResourcesBuildPhase;
			buildActionMask = 2147483647;
			files = (
				4B78815D1A6F11DD00DA59F2 /* Main.storyboard in Resources */,
				4B7881621A6F11DD00DA59F2 /* LaunchScreen.xib in Resources */,
				4B78815F1A6F11DD00DA59F2 /* Images.xcassets in Resources */,
			);
			runOnlyForDeploymentPostprocessing = 0;
		};
		4B7881651A6F11DD00DA59F2 /* Resources */ = {
			isa = PBXResourcesBuildPhase;
			buildActionMask = 2147483647;
			files = (
			);
			runOnlyForDeploymentPostprocessing = 0;
		};
/* End PBXResourcesBuildPhase section */

/* Begin PBXSourcesBuildPhase section */
		4B78814A1A6F11DD00DA59F2 /* Sources */ = {
			isa = PBXSourcesBuildPhase;
			buildActionMask = 2147483647;
			files = (
				4B78815A1A6F11DD00DA59F2 /* ViewController.m in Sources */,
				4B7881571A6F11DD00DA59F2 /* AppDelegate.m in Sources */,
				4B7881541A6F11DD00DA59F2 /* main.m in Sources */,
				4B7881791A6F11FA00DA59F2 /* ObjectiveCUtils.m in Sources */,
				4B4856521A7479BE00043AE3 /* SwiftObject.swift in Sources */,
				4B4856561A7479E800043AE3 /* ObjcObject.m in Sources */,
				4B78817E1A6F122A00DA59F2 /* SwiftUtils.swift in Sources */,
			);
			runOnlyForDeploymentPostprocessing = 0;
		};
		4B7881631A6F11DD00DA59F2 /* Sources */ = {
			isa = PBXSourcesBuildPhase;
			buildActionMask = 2147483647;
			files = (
				4B4856571A7479E800043AE3 /* ObjcObject.m in Sources */,
				4B78816E1A6F11DD00DA59F2 /* VSCOObjectiveCBenchmarksTests.m in Sources */,
				4B78817A1A6F11FA00DA59F2 /* ObjectiveCUtils.m in Sources */,
				4B7881811A6F132100DA59F2 /* VSCOSwiftBenchmarksTests.swift in Sources */,
				4B78817F1A6F122A00DA59F2 /* SwiftUtils.swift in Sources */,
				4B4856531A7479BE00043AE3 /* SwiftObject.swift in Sources */,
			);
			runOnlyForDeploymentPostprocessing = 0;
		};
/* End PBXSourcesBuildPhase section */

/* Begin PBXTargetDependency section */
		4B7881691A6F11DD00DA59F2 /* PBXTargetDependency */ = {
			isa = PBXTargetDependency;
			target = 4B78814D1A6F11DD00DA59F2 /* VSCOSwiftBenchmarks */;
			targetProxy = 4B7881681A6F11DD00DA59F2 /* PBXContainerItemProxy */;
		};
/* End PBXTargetDependency section */

/* Begin PBXVariantGroup section */
		4B78815B1A6F11DD00DA59F2 /* Main.storyboard */ = {
			isa = PBXVariantGroup;
			children = (
				4B78815C1A6F11DD00DA59F2 /* Base */,
			);
			name = Main.storyboard;
			sourceTree = "<group>";
		};
		4B7881601A6F11DD00DA59F2 /* LaunchScreen.xib */ = {
			isa = PBXVariantGroup;
			children = (
				4B7881611A6F11DD00DA59F2 /* Base */,
			);
			name = LaunchScreen.xib;
			sourceTree = "<group>";
		};
/* End PBXVariantGroup section */

/* Begin XCBuildConfiguration section */
		4B78816F1A6F11DD00DA59F2 /* Debug */ = {
			isa = XCBuildConfiguration;
			buildSettings = {
				ALWAYS_SEARCH_USER_PATHS = NO;
				CLANG_CXX_LANGUAGE_STANDARD = "gnu++0x";
				CLANG_CXX_LIBRARY = "libc++";
				CLANG_ENABLE_MODULES = YES;
				CLANG_ENABLE_OBJC_ARC = YES;
				CLANG_WARN_BOOL_CONVERSION = YES;
				CLANG_WARN_CONSTANT_CONVERSION = YES;
				CLANG_WARN_DIRECT_OBJC_ISA_USAGE = YES_ERROR;
				CLANG_WARN_EMPTY_BODY = YES;
				CLANG_WARN_ENUM_CONVERSION = YES;
				CLANG_WARN_INT_CONVERSION = YES;
				CLANG_WARN_OBJC_ROOT_CLASS = YES_ERROR;
				CLANG_WARN_UNREACHABLE_CODE = YES;
				CLANG_WARN__DUPLICATE_METHOD_MATCH = YES;
				CODE_SIGN_IDENTITY = "iPhone Developer: Fiel Guhit (Q4NV83VZP8)";
				"CODE_SIGN_IDENTITY[sdk=iphoneos*]" = "iPhone Developer: Fiel Guhit (Q4NV83VZP8)";
				COPY_PHASE_STRIP = NO;
				ENABLE_STRICT_OBJC_MSGSEND = YES;
				GCC_C_LANGUAGE_STANDARD = gnu99;
				GCC_DYNAMIC_NO_PIC = NO;
				GCC_OPTIMIZATION_LEVEL = fast;
				GCC_PREPROCESSOR_DEFINITIONS = (
					"DEBUG=1",
					"$(inherited)",
				);
				GCC_SYMBOLS_PRIVATE_EXTERN = NO;
				GCC_WARN_64_TO_32_BIT_CONVERSION = YES;
				GCC_WARN_ABOUT_RETURN_TYPE = YES_ERROR;
				GCC_WARN_UNDECLARED_SELECTOR = YES;
				GCC_WARN_UNINITIALIZED_AUTOS = YES_AGGRESSIVE;
				GCC_WARN_UNUSED_FUNCTION = YES;
				GCC_WARN_UNUSED_VARIABLE = YES;
				IPHONEOS_DEPLOYMENT_TARGET = 8.1;
				MTL_ENABLE_DEBUG_INFO = YES;
				ONLY_ACTIVE_ARCH = NO;
				SDKROOT = iphoneos;
				TARGETED_DEVICE_FAMILY = "1,2";
			};
			name = Debug;
		};
		4B7881701A6F11DD00DA59F2 /* Release */ = {
			isa = XCBuildConfiguration;
			buildSettings = {
				ALWAYS_SEARCH_USER_PATHS = NO;
				CLANG_CXX_LANGUAGE_STANDARD = "gnu++0x";
				CLANG_CXX_LIBRARY = "libc++";
				CLANG_ENABLE_MODULES = YES;
				CLANG_ENABLE_OBJC_ARC = YES;
				CLANG_WARN_BOOL_CONVERSION = YES;
				CLANG_WARN_CONSTANT_CONVERSION = YES;
				CLANG_WARN_DIRECT_OBJC_ISA_USAGE = YES_ERROR;
				CLANG_WARN_EMPTY_BODY = YES;
				CLANG_WARN_ENUM_CONVERSION = YES;
				CLANG_WARN_INT_CONVERSION = YES;
				CLANG_WARN_OBJC_ROOT_CLASS = YES_ERROR;
				CLANG_WARN_UNREACHABLE_CODE = YES;
				CLANG_WARN__DUPLICATE_METHOD_MATCH = YES;
				CODE_SIGN_IDENTITY = "iPhone Developer: Fiel Guhit (Q4NV83VZP8)";
				"CODE_SIGN_IDENTITY[sdk=iphoneos*]" = "iPhone Developer: Fiel Guhit (Q4NV83VZP8)";
				COPY_PHASE_STRIP = YES;
				ENABLE_NS_ASSERTIONS = NO;
				ENABLE_STRICT_OBJC_MSGSEND = YES;
				GCC_C_LANGUAGE_STANDARD = gnu99;
				GCC_OPTIMIZATION_LEVEL = fast;
				GCC_WARN_64_TO_32_BIT_CONVERSION = YES;
				GCC_WARN_ABOUT_RETURN_TYPE = YES_ERROR;
				GCC_WARN_UNDECLARED_SELECTOR = YES;
				GCC_WARN_UNINITIALIZED_AUTOS = YES_AGGRESSIVE;
				GCC_WARN_UNUSED_FUNCTION = YES;
				GCC_WARN_UNUSED_VARIABLE = YES;
				IPHONEOS_DEPLOYMENT_TARGET = 8.1;
				MTL_ENABLE_DEBUG_INFO = NO;
				ONLY_ACTIVE_ARCH = NO;
				SDKROOT = iphoneos;
				TARGETED_DEVICE_FAMILY = "1,2";
				VALIDATE_PRODUCT = YES;
			};
			name = Release;
		};
		4B7881721A6F11DD00DA59F2 /* Debug */ = {
			isa = XCBuildConfiguration;
			buildSettings = {
				ASSETCATALOG_COMPILER_APPICON_NAME = AppIcon;
				CLANG_ENABLE_MODULES = YES;
				INFOPLIST_FILE = VSCOSwiftBenchmarks/Info.plist;
				LD_RUNPATH_SEARCH_PATHS = "$(inherited) @executable_path/Frameworks";
				PRODUCT_NAME = "$(TARGET_NAME)";
				SWIFT_OBJC_BRIDGING_HEADER = "VSCOSwiftBenchmarks/VSCOSwiftBenchmarks-Bridging-Header.h";
				SWIFT_OPTIMIZATION_LEVEL = "-O";
			};
			name = Debug;
		};
		4B7881731A6F11DD00DA59F2 /* Release */ = {
			isa = XCBuildConfiguration;
			buildSettings = {
				ASSETCATALOG_COMPILER_APPICON_NAME = AppIcon;
				CLANG_ENABLE_MODULES = YES;
				INFOPLIST_FILE = VSCOSwiftBenchmarks/Info.plist;
				LD_RUNPATH_SEARCH_PATHS = "$(inherited) @executable_path/Frameworks";
				PRODUCT_NAME = "$(TARGET_NAME)";
				SWIFT_OBJC_BRIDGING_HEADER = "VSCOSwiftBenchmarks/VSCOSwiftBenchmarks-Bridging-Header.h";
			};
			name = Release;
		};
		4B7881751A6F11DD00DA59F2 /* Debug */ = {
			isa = XCBuildConfiguration;
			buildSettings = {
				BUNDLE_LOADER = "$(TEST_HOST)";
				CLANG_ENABLE_MODULES = YES;
				FRAMEWORK_SEARCH_PATHS = (
					"$(SDKROOT)/Developer/Library/Frameworks",
					"$(inherited)",
				);
				GCC_PREPROCESSOR_DEFINITIONS = (
					"DEBUG=1",
					"$(inherited)",
				);
				INFOPLIST_FILE = VSCOSwiftBenchmarksTests/Info.plist;
				LD_RUNPATH_SEARCH_PATHS = "$(inherited) @executable_path/Frameworks @loader_path/Frameworks";
				PRODUCT_NAME = "$(TARGET_NAME)";
				SWIFT_OBJC_BRIDGING_HEADER = "VSCOSwiftBenchmarks/VSCOSwiftBenchmarks-Bridging-Header.h";
				SWIFT_OPTIMIZATION_LEVEL = "-O";
				TEST_HOST = "$(BUILT_PRODUCTS_DIR)/VSCOSwiftBenchmarks.app/VSCOSwiftBenchmarks";
			};
			name = Debug;
		};
		4B7881761A6F11DD00DA59F2 /* Release */ = {
			isa = XCBuildConfiguration;
			buildSettings = {
				BUNDLE_LOADER = "$(TEST_HOST)";
				CLANG_ENABLE_MODULES = YES;
				FRAMEWORK_SEARCH_PATHS = (
					"$(SDKROOT)/Developer/Library/Frameworks",
					"$(inherited)",
				);
				INFOPLIST_FILE = VSCOSwiftBenchmarksTests/Info.plist;
				LD_RUNPATH_SEARCH_PATHS = "$(inherited) @executable_path/Frameworks @loader_path/Frameworks";
				PRODUCT_NAME = "$(TARGET_NAME)";
				SWIFT_OBJC_BRIDGING_HEADER = "VSCOSwiftBenchmarks/VSCOSwiftBenchmarks-Bridging-Header.h";
				TEST_HOST = "$(BUILT_PRODUCTS_DIR)/VSCOSwiftBenchmarks.app/VSCOSwiftBenchmarks";
			};
			name = Release;
		};
/* End XCBuildConfiguration section */

/* Begin XCConfigurationList section */
		4B7881491A6F11DD00DA59F2 /* Build configuration list for PBXProject "VSCOSwiftBenchmarks" */ = {
			isa = XCConfigurationList;
			buildConfigurations = (
				4B78816F1A6F11DD00DA59F2 /* Debug */,
				4B7881701A6F11DD00DA59F2 /* Release */,
			);
			defaultConfigurationIsVisible = 0;
			defaultConfigurationName = Release;
		};
		4B7881711A6F11DD00DA59F2 /* Build configuration list for PBXNativeTarget "VSCOSwiftBenchmarks" */ = {
			isa = XCConfigurationList;
			buildConfigurations = (
				4B7881721A6F11DD00DA59F2 /* Debug */,
				4B7881731A6F11DD00DA59F2 /* Release */,
			);
			defaultConfigurationIsVisible = 0;
			defaultConfigurationName = Release;
		};
		4B7881741A6F11DD00DA59F2 /* Build configuration list for PBXNativeTarget "VSCOSwiftBenchmarksTests" */ = {
			isa = XCConfigurationList;
			buildConfigurations = (
				4B7881751A6F11DD00DA59F2 /* Debug */,
				4B7881761A6F11DD00DA59F2 /* Release */,
			);
			defaultConfigurationIsVisible = 0;
			defaultConfigurationName = Release;
		};
/* End XCConfigurationList section */
	};
	rootObject = 4B7881461A6F11DD00DA59F2 /* Project object */;
}
